
Microsoft Visual Studio Solution File, Format Version 9.00
# Visual Studio 2005
Project("{8BC9CEB8-8B4A-11D0-8D11-00A0C91BC942}") = "NdisPyFilter", "NdisPyFilter\NdisPyFilter.vcproj", "{EF5B988F-2E92-4EE5-A567-0EFD16649866}"
EndProject
Project("{8BC9CEB8-8B4A-11D0-8D11-00A0C91BC942}") = "NdisPyFilterCtrl", "NdisPyFilterCtrl\NdisPyFilterCtrl.vcproj", "{9BD528CC-924E-49A5-BFEC-20AC41956113}"
EndProject
Global
	GlobalSection(SolutionConfigurationPlatforms) = preSolution
		Debug|Win32 = Debug|Win32
		Release|Win32 = Release|Win32
	EndGlobalSection
	GlobalSection(ProjectConfigurationPlatforms) = postSolution
		{EF5B988F-2E92-4EE5-A567-0EFD16649866}.Debug|Win32.ActiveCfg = Debug|Win32
		{EF5B988F-2E92-4EE5-A567-0EFD16649866}.Debug|Win32.Build.0 = Debug|Win32
		{EF5B988F-2E92-4EE5-A567-0EFD16649866}.Release|Win32.ActiveCfg = Release|Win32
		{EF5B988F-2E92-4EE5-A567-0EFD16649866}.Release|Win32.Build.0 = Release|Win32
		{9BD528CC-924E-49A5-BFEC-20AC41956113}.Debug|Win32.ActiveCfg = Debug|Win32
		{9BD528CC-924E-49A5-BFEC-20AC41956113}.Debug|Win32.Build.0 = Debug|Win32
		{9BD528CC-924E-49A5-BFEC-20AC41956113}.Release|Win32.ActiveCfg = Release|Win32
		{9BD528CC-924E-49A5-BFEC-20AC41956113}.Release|Win32.Build.0 = Release|Win32
	EndGlobalSection
	GlobalSection(SolutionProperties) = preSolution
		HideSolutionNode = FALSE
	EndGlobalSection
EndGlobal
